// !$*UTF8*$!
{
	archiveVersion = 1;
	classes = {
	};
	objectVersion = 46;
	objects = {

/* Begin PBXBuildFile section */
		314665B01C3ED9CD00548493 /* main.m in Sources */ = {isa = PBXBuildFile; fileRef = 314665AF1C3ED9CD00548493 /* main.m */; };
		314665B31C3ED9CD00548493 /* AppDelegate.m in Sources */ = {isa = PBXBuildFile; fileRef = 314665B21C3ED9CD00548493 /* AppDelegate.m */; };
		314665B61C3ED9CD00548493 /* ViewController.m in Sources */ = {isa = PBXBuildFile; fileRef = 314665B51C3ED9CD00548493 /* ViewController.m */; };
		314665B91C3ED9CD00548493 /* Main.storyboard in Resources */ = {isa = PBXBuildFile; fileRef = 314665B71C3ED9CD00548493 /* Main.storyboard */; };
		314665BB1C3ED9CD00548493 /* Assets.xcassets in Resources */ = {isa = PBXBuildFile; fileRef = 314665BA1C3ED9CD00548493 /* Assets.xcassets */; };
		314665BE1C3ED9CD00548493 /* LaunchScreen.storyboard in Resources */ = {isa = PBXBuildFile; fileRef = 314665BC1C3ED9CD00548493 /* LaunchScreen.storyboard */; };
		314665C91C3ED9CD00548493 /* JRTPageViewCTests.m in Sources */ = {isa = PBXBuildFile; fileRef = 314665C81C3ED9CD00548493 /* JRTPageViewCTests.m */; };
		314665D41C3ED9CD00548493 /* JRTPageViewCUITests.m in Sources */ = {isa = PBXBuildFile; fileRef = 314665D31C3ED9CD00548493 /* JRTPageViewCUITests.m */; };
		314665E61C3EDA7400548493 /* JRTPagedCollectionView.m in Sources */ = {isa = PBXBuildFile; fileRef = 314665E31C3EDA7400548493 /* JRTPagedCollectionView.m */; };
		314665E71C3EDA7400548493 /* JRTPageViewController.m in Sources */ = {isa = PBXBuildFile; fileRef = 314665E51C3EDA7400548493 /* JRTPageViewController.m */; };
		314665EA1C3EDC8C00548493 /* JRTPagedCollectionViewExample.m in Sources */ = {isa = PBXBuildFile; fileRef = 314665E91C3EDC8C00548493 /* JRTPagedCollectionViewExample.m */; };
		314665ED1C3EE1E400548493 /* JRTPageViewControllerExample.m in Sources */ = {isa = PBXBuildFile; fileRef = 314665EC1C3EE1E400548493 /* JRTPageViewControllerExample.m */; };
/* End PBXBuildFile section */

/* Begin PBXContainerItemProxy section */
		314665C51C3ED9CD00548493 /* PBXContainerItemProxy */ = {
			isa = PBXContainerItemProxy;
			containerPortal = 314665A31C3ED9CD00548493 /* Project object */;
			proxyType = 1;
			remoteGlobalIDString = 314665AA1C3ED9CD00548493;
			remoteInfo = JRTPageViewC;
		};
		314665D01C3ED9CD00548493 /* PBXContainerItemProxy */ = {
			isa = PBXContainerItemProxy;
			containerPortal = 314665A31C3ED9CD00548493 /* Project object */;
			proxyType = 1;
			remoteGlobalIDString = 314665AA1C3ED9CD00548493;
			remoteInfo = JRTPageViewC;
		};
/* End PBXContainerItemProxy section */

/* Begin PBXFileReference section */
		314665AB1C3ED9CD00548493 /* JRTPageViewC.app */ = {isa = PBXFileReference; explicitFileType = wrapper.application; includeInIndex = 0; path = JRTPageViewC.app; sourceTree = BUILT_PRODUCTS_DIR; };
		314665AF1C3ED9CD00548493 /* main.m */ = {isa = PBXFileReference; lastKnownFileType = sourcecode.c.objc; path = main.m; sourceTree = "<group>"; };
		314665B11C3ED9CD00548493 /* AppDelegate.h */ = {isa = PBXFileReference; lastKnownFileType = sourcecode.c.h; path = AppDelegate.h; sourceTree = "<group>"; };
		314665B21C3ED9CD00548493 /* AppDelegate.m */ = {isa = PBXFileReference; lastKnownFileType = sourcecode.c.objc; path = AppDelegate.m; sourceTree = "<group>"; };
		314665B41C3ED9CD00548493 /* ViewController.h */ = {isa = PBXFileReference; lastKnownFileType = sourcecode.c.h; path = ViewController.h; sourceTree = "<group>"; };
		314665B51C3ED9CD00548493 /* ViewController.m */ = {isa = PBXFileReference; lastKnownFileType = sourcecode.c.objc; path = ViewController.m; sourceTree = "<group>"; };
		314665B81C3ED9CD00548493 /* Base */ = {isa = PBXFileReference; lastKnownFileType = file.storyboard; name = Base; path = Base.lproj/Main.storyboard; sourceTree = "<group>"; };
		314665BA1C3ED9CD00548493 /* Assets.xcassets */ = {isa = PBXFileReference; lastKnownFileType = folder.assetcatalog; path = Assets.xcassets; sourceTree = "<group>"; };
		314665BD1C3ED9CD00548493 /* Base */ = {isa = PBXFileReference; lastKnownFileType = file.storyboard; name = Base; path = Base.lproj/LaunchScreen.storyboard; sourceTree = "<group>"; };
		314665BF1C3ED9CD00548493 /* Info.plist */ = {isa = PBXFileReference; lastKnownFileType = text.plist.xml; path = Info.plist; sourceTree = "<group>"; };
		314665C41C3ED9CD00548493 /* JRTPageViewCTests.xctest */ = {isa = PBXFileReference; explicitFileType = wrapper.cfbundle; includeInIndex = 0; path = JRTPageViewCTests.xctest; sourceTree = BUILT_PRODUCTS_DIR; };
		314665C81C3ED9CD00548493 /* JRTPageViewCTests.m */ = {isa = PBXFileReference; lastKnownFileType = sourcecode.c.objc; path = JRTPageViewCTests.m; sourceTree = "<group>"; };
		314665CA1C3ED9CD00548493 /* Info.plist */ = {isa = PBXFileReference; lastKnownFileType = text.plist.xml; path = Info.plist; sourceTree = "<group>"; };
		314665CF1C3ED9CD00548493 /* JRTPageViewCUITests.xctest */ = {isa = PBXFileReference; explicitFileType = wrapper.cfbundle; includeInIndex = 0; path = JRTPageViewCUITests.xctest; sourceTree = BUILT_PRODUCTS_DIR; };
		314665D31C3ED9CD00548493 /* JRTPageViewCUITests.m */ = {isa = PBXFileReference; lastKnownFileType = sourcecode.c.objc; path = JRTPageViewCUITests.m; sourceTree = "<group>"; };
		314665D51C3ED9CD00548493 /* Info.plist */ = {isa = PBXFileReference; lastKnownFileType = text.plist.xml; path = Info.plist; sourceTree = "<group>"; };
		314665E21C3EDA7400548493 /* JRTPagedCollectionView.h */ = {isa = PBXFileReference; fileEncoding = 4; lastKnownFileType = sourcecode.c.h; path = JRTPagedCollectionView.h; sourceTree = "<group>"; };
		314665E31C3EDA7400548493 /* JRTPagedCollectionView.m */ = {isa = PBXFileReference; fileEncoding = 4; lastKnownFileType = sourcecode.c.objc; path = JRTPagedCollectionView.m; sourceTree = "<group>"; };
		314665E41C3EDA7400548493 /* JRTPageViewController.h */ = {isa = PBXFileReference; fileEncoding = 4; lastKnownFileType = sourcecode.c.h; path = JRTPageViewController.h; sourceTree = "<group>"; };
		314665E51C3EDA7400548493 /* JRTPageViewController.m */ = {isa = PBXFileReference; fileEncoding = 4; lastKnownFileType = sourcecode.c.objc; path = JRTPageViewController.m; sourceTree = "<group>"; };
		314665E81C3EDC8C00548493 /* JRTPagedCollectionViewExample.h */ = {isa = PBXFileReference; fileEncoding = 4; lastKnownFileType = sourcecode.c.h; path = JRTPagedCollectionViewExample.h; sourceTree = "<group>"; };
		314665E91C3EDC8C00548493 /* JRTPagedCollectionViewExample.m */ = {isa = PBXFileReference; fileEncoding = 4; lastKnownFileType = sourcecode.c.objc; path = JRTPagedCollectionViewExample.m; sourceTree = "<group>"; };
		314665EB1C3EE1E400548493 /* JRTPageViewControllerExample.h */ = {isa = PBXFileReference; fileEncoding = 4; lastKnownFileType = sourcecode.c.h; path = JRTPageViewControllerExample.h; sourceTree = "<group>"; };
		314665EC1C3EE1E400548493 /* JRTPageViewControllerExample.m */ = {isa = PBXFileReference; fileEncoding = 4; lastKnownFileType = sourcecode.c.objc; path = JRTPageViewControllerExample.m; sourceTree = "<group>"; };
/* End PBXFileReference section */

/* Begin PBXFrameworksBuildPhase section */
		314665A81C3ED9CD00548493 /* Frameworks */ = {
			isa = PBXFrameworksBuildPhase;
			buildActionMask = 2147483647;
			files = (
			);
			runOnlyForDeploymentPostprocessing = 0;
		};
		314665C11C3ED9CD00548493 /* Frameworks */ = {
			isa = PBXFrameworksBuildPhase;
			buildActionMask = 2147483647;
			files = (
			);
			runOnlyForDeploymentPostprocessing = 0;
		};
		314665CC1C3ED9CD00548493 /* Frameworks */ = {
			isa = PBXFrameworksBuildPhase;
			buildActionMask = 2147483647;
			files = (
			);
			runOnlyForDeploymentPostprocessing = 0;
		};
/* End PBXFrameworksBuildPhase section */

/* Begin PBXGroup section */
		314665A21C3ED9CD00548493 = {
			isa = PBXGroup;
			children = (
				314665AD1C3ED9CD00548493 /* JRTPageViewC */,
				314665C71C3ED9CD00548493 /* JRTPageViewCTests */,
				314665D21C3ED9CD00548493 /* JRTPageViewCUITests */,
				314665AC1C3ED9CD00548493 /* Products */,
			);
			sourceTree = "<group>";
		};
		314665AC1C3ED9CD00548493 /* Products */ = {
			isa = PBXGroup;
			children = (
				314665AB1C3ED9CD00548493 /* JRTPageViewC.app */,
				314665C41C3ED9CD00548493 /* JRTPageViewCTests.xctest */,
				314665CF1C3ED9CD00548493 /* JRTPageViewCUITests.xctest */,
			);
			name = Products;
			sourceTree = "<group>";
		};
		314665AD1C3ED9CD00548493 /* JRTPageViewC */ = {
			isa = PBXGroup;
			children = (
				314665E11C3EDA7400548493 /* PodFiles */,
				314665B11C3ED9CD00548493 /* AppDelegate.h */,
				314665B21C3ED9CD00548493 /* AppDelegate.m */,
				314665B41C3ED9CD00548493 /* ViewController.h */,
				314665B51C3ED9CD00548493 /* ViewController.m */,
				314665B71C3ED9CD00548493 /* Main.storyboard */,
				314665BA1C3ED9CD00548493 /* Assets.xcassets */,
				314665BC1C3ED9CD00548493 /* LaunchScreen.storyboard */,
				314665BF1C3ED9CD00548493 /* Info.plist */,
				314665AE1C3ED9CD00548493 /* Supporting Files */,
				314665E81C3EDC8C00548493 /* JRTPagedCollectionViewExample.h */,
				314665E91C3EDC8C00548493 /* JRTPagedCollectionViewExample.m */,
				314665EB1C3EE1E400548493 /* JRTPageViewControllerExample.h */,
				314665EC1C3EE1E400548493 /* JRTPageViewControllerExample.m */,
			);
			path = JRTPageViewC;
			sourceTree = "<group>";
		};
		314665AE1C3ED9CD00548493 /* Supporting Files */ = {
			isa = PBXGroup;
			children = (
				314665AF1C3ED9CD00548493 /* main.m */,
			);
			name = "Supporting Files";
			sourceTree = "<group>";
		};
		314665C71C3ED9CD00548493 /* JRTPageViewCTests */ = {
			isa = PBXGroup;
			children = (
				314665C81C3ED9CD00548493 /* JRTPageViewCTests.m */,
				314665CA1C3ED9CD00548493 /* Info.plist */,
			);
			path = JRTPageViewCTests;
			sourceTree = "<group>";
		};
		314665D21C3ED9CD00548493 /* JRTPageViewCUITests */ = {
			isa = PBXGroup;
			children = (
				314665D31C3ED9CD00548493 /* JRTPageViewCUITests.m */,
				314665D51C3ED9CD00548493 /* Info.plist */,
			);
			path = JRTPageViewCUITests;
			sourceTree = "<group>";
		};
		314665E11C3EDA7400548493 /* PodFiles */ = {
			isa = PBXGroup;
			children = (
				314665E21C3EDA7400548493 /* JRTPagedCollectionView.h */,
				314665E31C3EDA7400548493 /* JRTPagedCollectionView.m */,
				314665E41C3EDA7400548493 /* JRTPageViewController.h */,
				314665E51C3EDA7400548493 /* JRTPageViewController.m */,
			);
			path = PodFiles;
			sourceTree = "<group>";
		};
/* End PBXGroup section */

/* Begin PBXNativeTarget section */
		314665AA1C3ED9CD00548493 /* JRTPageViewC */ = {
			isa = PBXNativeTarget;
			buildConfigurationList = 314665D81C3ED9CD00548493 /* Build configuration list for PBXNativeTarget "JRTPageViewC" */;
			buildPhases = (
				314665A71C3ED9CD00548493 /* Sources */,
				314665A81C3ED9CD00548493 /* Frameworks */,
				314665A91C3ED9CD00548493 /* Resources */,
			);
			buildRules = (
			);
			dependencies = (
			);
			name = JRTPageViewC;
			productName = JRTPageViewC;
			productReference = 314665AB1C3ED9CD00548493 /* JRTPageViewC.app */;
			productType = "com.apple.product-type.application";
		};
		314665C31C3ED9CD00548493 /* JRTPageViewCTests */ = {
			isa = PBXNativeTarget;
			buildConfigurationList = 314665DB1C3ED9CD00548493 /* Build configuration list for PBXNativeTarget "JRTPageViewCTests" */;
			buildPhases = (
				314665C01C3ED9CD00548493 /* Sources */,
				314665C11C3ED9CD00548493 /* Frameworks */,
				314665C21C3ED9CD00548493 /* Resources */,
			);
			buildRules = (
			);
			dependencies = (
				314665C61C3ED9CD00548493 /* PBXTargetDependency */,
			);
			name = JRTPageViewCTests;
			productName = JRTPageViewCTests;
			productReference = 314665C41C3ED9CD00548493 /* JRTPageViewCTests.xctest */;
			productType = "com.apple.product-type.bundle.unit-test";
		};
		314665CE1C3ED9CD00548493 /* JRTPageViewCUITests */ = {
			isa = PBXNativeTarget;
			buildConfigurationList = 314665DE1C3ED9CD00548493 /* Build configuration list for PBXNativeTarget "JRTPageViewCUITests" */;
			buildPhases = (
				314665CB1C3ED9CD00548493 /* Sources */,
				314665CC1C3ED9CD00548493 /* Frameworks */,
				314665CD1C3ED9CD00548493 /* Resources */,
			);
			buildRules = (
			);
			dependencies = (
				314665D11C3ED9CD00548493 /* PBXTargetDependency */,
			);
			name = JRTPageViewCUITests;
			productName = JRTPageViewCUITests;
			productReference = 314665CF1C3ED9CD00548493 /* JRTPageViewCUITests.xctest */;
			productType = "com.apple.product-type.bundle.ui-testing";
		};
/* End PBXNativeTarget section */

/* Begin PBXProject section */
		314665A31C3ED9CD00548493 /* Project object */ = {
			isa = PBXProject;
			attributes = {
				LastUpgradeCheck = 0720;
				ORGANIZATIONNAME = jerti;
				TargetAttributes = {
					314665AA1C3ED9CD00548493 = {
						CreatedOnToolsVersion = 7.2;
					};
					314665C31C3ED9CD00548493 = {
						CreatedOnToolsVersion = 7.2;
						TestTargetID = 314665AA1C3ED9CD00548493;
					};
					314665CE1C3ED9CD00548493 = {
						CreatedOnToolsVersion = 7.2;
						TestTargetID = 314665AA1C3ED9CD00548493;
					};
				};
			};
			buildConfigurationList = 314665A61C3ED9CD00548493 /* Build configuration list for PBXProject "JRTPageViewC" */;
			compatibilityVersion = "Xcode 3.2";
			developmentRegion = English;
			hasScannedForEncodings = 0;
			knownRegions = (
				en,
				Base,
			);
			mainGroup = 314665A21C3ED9CD00548493;
			productRefGroup = 314665AC1C3ED9CD00548493 /* Products */;
			projectDirPath = "";
			projectRoot = "";
			targets = (
				314665AA1C3ED9CD00548493 /* JRTPageViewC */,
				314665C31C3ED9CD00548493 /* JRTPageViewCTests */,
				314665CE1C3ED9CD00548493 /* JRTPageViewCUITests */,
			);
		};
/* End PBXProject section */

/* Begin PBXResourcesBuildPhase section */
		314665A91C3ED9CD00548493 /* Resources */ = {
			isa = PBXResourcesBuildPhase;
			buildActionMask = 2147483647;
			files = (
				314665BE1C3ED9CD00548493 /* LaunchScreen.storyboard in Resources */,
				314665BB1C3ED9CD00548493 /* Assets.xcassets in Resources */,
				314665B91C3ED9CD00548493 /* Main.storyboard in Resources */,
			);
			runOnlyForDeploymentPostprocessing = 0;
		};
		314665C21C3ED9CD00548493 /* Resources */ = {
			isa = PBXResourcesBuildPhase;
			buildActionMask = 2147483647;
			files = (
			);
			runOnlyForDeploymentPostprocessing = 0;
		};
		314665CD1C3ED9CD00548493 /* Resources */ = {
			isa = PBXResourcesBuildPhase;
			buildActionMask = 2147483647;
			files = (
			);
			runOnlyForDeploymentPostprocessing = 0;
		};
/* End PBXResourcesBuildPhase section */

/* Begin PBXSourcesBuildPhase section */
		314665A71C3ED9CD00548493 /* Sources */ = {
			isa = PBXSourcesBuildPhase;
			buildActionMask = 2147483647;
			files = (
				314665ED1C3EE1E400548493 /* JRTPageViewControllerExample.m in Sources */,
				314665EA1C3EDC8C00548493 /* JRTPagedCollectionViewExample.m in Sources */,
				314665B61C3ED9CD00548493 /* ViewController.m in Sources */,
				314665B31C3ED9CD00548493 /* AppDelegate.m in Sources */,
				314665B01C3ED9CD00548493 /* main.m in Sources */,
				314665E61C3EDA7400548493 /* JRTPagedCollectionView.m in Sources */,
				314665E71C3EDA7400548493 /* JRTPageViewController.m in Sources */,
			);
			runOnlyForDeploymentPostprocessing = 0;
		};
		314665C01C3ED9CD00548493 /* Sources */ = {
			isa = PBXSourcesBuildPhase;
			buildActionMask = 2147483647;
			files = (
				314665C91C3ED9CD00548493 /* JRTPageViewCTests.m in Sources */,
			);
			runOnlyForDeploymentPostprocessing = 0;
		};
		314665CB1C3ED9CD00548493 /* Sources */ = {
			isa = PBXSourcesBuildPhase;
			buildActionMask = 2147483647;
			files = (
				314665D41C3ED9CD00548493 /* JRTPageViewCUITests.m in Sources */,
			);
			runOnlyForDeploymentPostprocessing = 0;
		};
/* End PBXSourcesBuildPhase section */

/* Begin PBXTargetDependency section */
		314665C61C3ED9CD00548493 /* PBXTargetDependency */ = {
			isa = PBXTargetDependency;
			target = 314665AA1C3ED9CD00548493 /* JRTPageViewC */;
			targetProxy = 314665C51C3ED9CD00548493 /* PBXContainerItemProxy */;
		};
		314665D11C3ED9CD00548493 /* PBXTargetDependency */ = {
			isa = PBXTargetDependency;
			target = 314665AA1C3ED9CD00548493 /* JRTPageViewC */;
			targetProxy = 314665D01C3ED9CD00548493 /* PBXContainerItemProxy */;
		};
/* End PBXTargetDependency section */

/* Begin PBXVariantGroup section */
		314665B71C3ED9CD00548493 /* Main.storyboard */ = {
			isa = PBXVariantGroup;
			children = (
				314665B81C3ED9CD00548493 /* Base */,
			);
			name = Main.storyboard;
			sourceTree = "<group>";
		};
		314665BC1C3ED9CD00548493 /* LaunchScreen.storyboard */ = {
			isa = PBXVariantGroup;
			children = (
				314665BD1C3ED9CD00548493 /* Base */,
			);
			name = LaunchScreen.storyboard;
			sourceTree = "<group>";
		};
/* End PBXVariantGroup section */

/* Begin XCBuildConfiguration section */
		314665D61C3ED9CD00548493 /* Debug */ = {
			isa = XCBuildConfiguration;
			buildSettings = {
				ALWAYS_SEARCH_USER_PATHS = NO;
				CLANG_CXX_LANGUAGE_STANDARD = "gnu++0x";
				CLANG_CXX_LIBRARY = "libc++";
				CLANG_ENABLE_MODULES = YES;
				CLANG_ENABLE_OBJC_ARC = YES;
				CLANG_WARN_BOOL_CONVERSION = YES;
				CLANG_WARN_CONSTANT_CONVERSION = YES;
				CLANG_WARN_DIRECT_OBJC_ISA_USAGE = YES_ERROR;
				CLANG_WARN_EMPTY_BODY = YES;
				CLANG_WARN_ENUM_CONVERSION = YES;
				CLANG_WARN_INT_CONVERSION = YES;
				CLANG_WARN_OBJC_ROOT_CLASS = YES_ERROR;
				CLANG_WARN_UNREACHABLE_CODE = YES;
				CLANG_WARN__DUPLICATE_METHOD_MATCH = YES;
				"CODE_SIGN_IDENTITY[sdk=iphoneos*]" = "iPhone Developer";
				COPY_PHASE_STRIP = NO;
				DEBUG_INFORMATION_FORMAT = dwarf;
				ENABLE_STRICT_OBJC_MSGSEND = YES;
				ENABLE_TESTABILITY = YES;
				GCC_C_LANGUAGE_STANDARD = gnu99;
				GCC_DYNAMIC_NO_PIC = NO;
				GCC_NO_COMMON_BLOCKS = YES;
				GCC_OPTIMIZATION_LEVEL = 0;
				GCC_PREPROCESSOR_DEFINITIONS = (
					"DEBUG=1",
					"$(inherited)",
				);
				GCC_WARN_64_TO_32_BIT_CONVERSION = YES;
				GCC_WARN_ABOUT_RETURN_TYPE = YES_ERROR;
				GCC_WARN_UNDECLARED_SELECTOR = YES;
				GCC_WARN_UNINITIALIZED_AUTOS = YES_AGGRESSIVE;
				GCC_WARN_UNUSED_FUNCTION = YES;
				GCC_WARN_UNUSED_VARIABLE = YES;
				IPHONEOS_DEPLOYMENT_TARGET = 9.2;
				MTL_ENABLE_DEBUG_INFO = YES;
				ONLY_ACTIVE_ARCH = YES;
				SDKROOT = iphoneos;
			};
			name = Debug;
		};
		314665D71C3ED9CD00548493 /* Release */ = {
			isa = XCBuildConfiguration;
			buildSettings = {
				ALWAYS_SEARCH_USER_PATHS = NO;
				CLANG_CXX_LANGUAGE_STANDARD = "gnu++0x";
				CLANG_CXX_LIBRARY = "libc++";
				CLANG_ENABLE_MODULES = YES;
				CLANG_ENABLE_OBJC_ARC = YES;
				CLANG_WARN_BOOL_CONVERSION = YES;
				CLANG_WARN_CONSTANT_CONVERSION = YES;
				CLANG_WARN_DIRECT_OBJC_ISA_USAGE = YES_ERROR;
				CLANG_WARN_EMPTY_BODY = YES;
				CLANG_WARN_ENUM_CONVERSION = YES;
				CLANG_WARN_INT_CONVERSION = YES;
				CLANG_WARN_OBJC_ROOT_CLASS = YES_ERROR;
				CLANG_WARN_UNREACHABLE_CODE = YES;
				CLANG_WARN__DUPLICATE_METHOD_MATCH = YES;
				"CODE_SIGN_IDENTITY[sdk=iphoneos*]" = "iPhone Developer";
				COPY_PHASE_STRIP = NO;
				DEBUG_INFORMATION_FORMAT = "dwarf-with-dsym";
				ENABLE_NS_ASSERTIONS = NO;
				ENABLE_STRICT_OBJC_MSGSEND = YES;
				GCC_C_LANGUAGE_STANDARD = gnu99;
				GCC_NO_COMMON_BLOCKS = YES;
				GCC_WARN_64_TO_32_BIT_CONVERSION = YES;
				GCC_WARN_ABOUT_RETURN_TYPE = YES_ERROR;
				GCC_WARN_UNDECLARED_SELECTOR = YES;
				GCC_WARN_UNINITIALIZED_AUTOS = YES_AGGRESSIVE;
				GCC_WARN_UNUSED_FUNCTION = YES;
				GCC_WARN_UNUSED_VARIABLE = YES;
				IPHONEOS_DEPLOYMENT_TARGET = 9.2;
				MTL_ENABLE_DEBUG_INFO = NO;
				SDKROOT = iphoneos;
				VALIDATE_PRODUCT = YES;
			};
			name = Release;
		};
		314665D91C3ED9CD00548493 /* Debug */ = {
			isa = XCBuildConfiguration;
			buildSettings = {
				ASSETCATALOG_COMPILER_APPICON_NAME = AppIcon;
				INFOPLIST_FILE = JRTPageViewC/Info.plist;
				LD_RUNPATH_SEARCH_PATHS = "$(inherited) @executable_path/Frameworks";
				PRODUCT_BUNDLE_IDENTIFIER = com.jerti.JRTPageViewC;
				PRODUCT_NAME = "$(TARGET_NAME)";
			};
			name = Debug;
		};
		314665DA1C3ED9CD00548493 /* Release */ = {
			isa = XCBuildConfiguration;
			buildSettings = {
				ASSETCATALOG_COMPILER_APPICON_NAME = AppIcon;
				INFOPLIST_FILE = JRTPageViewC/Info.plist;
				LD_RUNPATH_SEARCH_PATHS = "$(inherited) @executable_path/Frameworks";
				PRODUCT_BUNDLE_IDENTIFIER = com.jerti.JRTPageViewC;
				PRODUCT_NAME = "$(TARGET_NAME)";
			};
			name = Release;
		};
		314665DC1C3ED9CD00548493 /* Debug */ = {
			isa = XCBuildConfiguration;
			buildSettings = {
				BUNDLE_LOADER = "$(TEST_HOST)";
				INFOPLIST_FILE = JRTPageViewCTests/Info.plist;
				LD_RUNPATH_SEARCH_PATHS = "$(inherited) @executable_path/Frameworks @loader_path/Frameworks";
				PRODUCT_BUNDLE_IDENTIFIER = com.jerti.JRTPageViewCTests;
				PRODUCT_NAME = "$(TARGET_NAME)";
				TEST_HOST = "$(BUILT_PRODUCTS_DIR)/JRTPageViewC.app/JRTPageViewC";
			};
			name = Debug;
		};
		314665DD1C3ED9CD00548493 /* Release */ = {
			isa = XCBuildConfiguration;
			buildSettings = {
				BUNDLE_LOADER = "$(TEST_HOST)";
				INFOPLIST_FILE = JRTPageViewCTests/Info.plist;
				LD_RUNPATH_SEARCH_PATHS = "$(inherited) @executable_path/Frameworks @loader_path/Frameworks";
				PRODUCT_BUNDLE_IDENTIFIER = com.jerti.JRTPageViewCTests;
				PRODUCT_NAME = "$(TARGET_NAME)";
				TEST_HOST = "$(BUILT_PRODUCTS_DIR)/JRTPageViewC.app/JRTPageViewC";
			};
			name = Release;
		};
		314665DF1C3ED9CD00548493 /* Debug */ = {
			isa = XCBuildConfiguration;
			buildSettings = {
				INFOPLIST_FILE = JRTPageViewCUITests/Info.plist;
				LD_RUNPATH_SEARCH_PATHS = "$(inherited) @executable_path/Frameworks @loader_path/Frameworks";
				PRODUCT_BUNDLE_IDENTIFIER = com.jerti.JRTPageViewCUITests;
				PRODUCT_NAME = "$(TARGET_NAME)";
				TEST_TARGET_NAME = JRTPageViewC;
				USES_XCTRUNNER = YES;
			};
			name = Debug;
		};
		314665E01C3ED9CD00548493 /* Release */ = {
			isa = XCBuildConfiguration;
			buildSettings = {
				INFOPLIST_FILE = JRTPageViewCUITests/Info.plist;
				LD_RUNPATH_SEARCH_PATHS = "$(inherited) @executable_path/Frameworks @loader_path/Frameworks";
				PRODUCT_BUNDLE_IDENTIFIER = com.jerti.JRTPageViewCUITests;
				PRODUCT_NAME = "$(TARGET_NAME)";
				TEST_TARGET_NAME = JRTPageViewC;
				USES_XCTRUNNER = YES;
			};
			name = Release;
		};
/* End XCBuildConfiguration section */

/* Begin XCConfigurationList section */
		314665A61C3ED9CD00548493 /* Build configuration list for PBXProject "JRTPageViewC" */ = {
			isa = XCConfigurationList;
			buildConfigurations = (
				314665D61C3ED9CD00548493 /* Debug */,
				314665D71C3ED9CD00548493 /* Release */,
			);
			defaultConfigurationIsVisible = 0;
			defaultConfigurationName = Release;
		};
		314665D81C3ED9CD00548493 /* Build configuration list for PBXNativeTarget "JRTPageViewC" */ = {
			isa = XCConfigurationList;
			buildConfigurations = (
				314665D91C3ED9CD00548493 /* Debug */,
				314665DA1C3ED9CD00548493 /* Release */,
			);
			defaultConfigurationIsVisible = 0;
			defaultConfigurationName = Release;
		};
		314665DB1C3ED9CD00548493 /* Build configuration list for PBXNativeTarget "JRTPageViewCTests" */ = {
			isa = XCConfigurationList;
			buildConfigurations = (
				314665DC1C3ED9CD00548493 /* Debug */,
				314665DD1C3ED9CD00548493 /* Release */,
			);
			defaultConfigurationIsVisible = 0;
			defaultConfigurationName = Release;
		};
		314665DE1C3ED9CD00548493 /* Build configuration list for PBXNativeTarget "JRTPageViewCUITests" */ = {
			isa = XCConfigurationList;
			buildConfigurations = (
				314665DF1C3ED9CD00548493 /* Debug */,
				314665E01C3ED9CD00548493 /* Release */,
			);
			defaultConfigurationIsVisible = 0;
			defaultConfigurationName = Release;
		};
/* End XCConfigurationList section */
	};
	rootObject = 314665A31C3ED9CD00548493 /* Project object */;
}
